
Microsoft Visual Studio Solution File, Format Version 12.00
# Visual Studio 15
VisualStudioVersion = 15.0.28307.1585
MinimumVisualStudioVersion = 10.0.40219.1
Project("{FAE04EC0-301F-11D3-BF4B-00C04F79EFBC}") = "Scada.Core", "Scada.Core\Scada.Core.csproj", "{96DD787E-D447-461B-82DA-F032637320FA}"
EndProject
Project("{FAE04EC0-301F-11D3-BF4B-00C04F79EFBC}") = "Scada.ConsoleApp", "Scada.ConsoleApp\Scada.ConsoleApp.csproj", "{5F9C37C1-2360-45C5-BE9E-32B62168600B}"
EndProject
Global
	GlobalSection(SolutionConfigurationPlatforms) = preSolution
		Debug|Any CPU = Debug|Any CPU
		Release|Any CPU = Release|Any CPU
	EndGlobalSection
	GlobalSection(ProjectConfigurationPlatforms) = postSolution
		{96DD787E-D447-461B-82DA-F032637320FA}.Debug|Any CPU.ActiveCfg = Debug|Any CPU
		{96DD787E-D447-461B-82DA-F032637320FA}.Debug|Any CPU.Build.0 = Debug|Any CPU
		{96DD787E-D447-461B-82DA-F032637320FA}.Release|Any CPU.ActiveCfg = Release|Any CPU
		{96DD787E-D447-461B-82DA-F032637320FA}.Release|Any CPU.Build.0 = Release|Any CPU
		{5F9C37C1-2360-45C5-BE9E-32B62168600B}.Debug|Any CPU.ActiveCfg = Debug|Any CPU
		{5F9C37C1-2360-45C5-BE9E-32B62168600B}.Debug|Any CPU.Build.0 = Debug|Any CPU
		{5F9C37C1-2360-45C5-BE9E-32B62168600B}.Release|Any CPU.ActiveCfg = Release|Any CPU
		{5F9C37C1-2360-45C5-BE9E-32B62168600B}.Release|Any CPU.Build.0 = Release|Any CPU
	EndGlobalSection
	GlobalSection(SolutionProperties) = preSolution
		HideSolutionNode = FALSE
	EndGlobalSection
	GlobalSection(ExtensibilityGlobals) = postSolution
		SolutionGuid = {D02956CB-F100-46A3-AA44-055AECE13DD2}
	EndGlobalSection
EndGlobal
